Microsoft Visual Studio Solution File, Format Version 9.00
# Visual Studio 2005
Project("{EF7E3281-CD33-11D4-8326-00C04FA0CE8D}") = "SampleListenShape", "SampleListenShape.btproj", "{3E3EB9EF-E07F-4A55-B2EC-618B52636C11}"
EndProject
Global
	GlobalSection(SolutionConfigurationPlatforms) = preSolution
		Deployment|.NET = Deployment|.NET
		Development|.NET = Development|.NET
	EndGlobalSection
	GlobalSection(ProjectConfigurationPlatforms) = postSolution
		{3E3EB9EF-E07F-4A55-B2EC-618B52636C11}.Deployment|.NET.ActiveCfg = Deployment|.NET
		{3E3EB9EF-E07F-4A55-B2EC-618B52636C11}.Deployment|.NET.Build.0 = Deployment|.NET
		{3E3EB9EF-E07F-4A55-B2EC-618B52636C11}.Deployment|.NET.Deploy.0 = Deployment|.NET
		{3E3EB9EF-E07F-4A55-B2EC-618B52636C11}.Development|.NET.ActiveCfg = Development|.NET
		{3E3EB9EF-E07F-4A55-B2EC-618B52636C11}.Development|.NET.Build.0 = Development|.NET
	EndGlobalSection
	GlobalSection(SolutionProperties) = preSolution
		HideSolutionNode = FALSE
	EndGlobalSection
EndGlobal
