Microsoft Visual Studio Solution File, Format Version 9.00
# Visual Studio 2005
Project("{EF7E3281-CD33-11D4-8326-00C04FA0CE8D}") = "BizTalk Server DataBase Lookup", "BizTalk Server DataBase Lookup.btproj", "{EB04CEE8-794E-4034-A3B5-A7F975732C07}"
EndProject
Global
	GlobalSection(SolutionConfigurationPlatforms) = preSolution
		Deployment|.NET = Deployment|.NET
		Development|.NET = Development|.NET
	EndGlobalSection
	GlobalSection(ProjectConfigurationPlatforms) = postSolution
		{EB04CEE8-794E-4034-A3B5-A7F975732C07}.Deployment|.NET.ActiveCfg = Deployment|.NET
		{EB04CEE8-794E-4034-A3B5-A7F975732C07}.Deployment|.NET.Build.0 = Deployment|.NET
		{EB04CEE8-794E-4034-A3B5-A7F975732C07}.Deployment|.NET.Deploy.0 = Deployment|.NET
		{EB04CEE8-794E-4034-A3B5-A7F975732C07}.Development|.NET.ActiveCfg = Development|.NET
		{EB04CEE8-794E-4034-A3B5-A7F975732C07}.Development|.NET.Build.0 = Development|.NET
	EndGlobalSection
	GlobalSection(SolutionProperties) = preSolution
		HideSolutionNode = FALSE
	EndGlobalSection
EndGlobal
